
Microsoft Visual Studio Solution File, Format Version 12.00
# Visual Studio Version 17
VisualStudioVersion = 17.8.34330.188
MinimumVisualStudioVersion = 10.0.40219.1
Project("{9A19103F-16F7-4668-BE54-9A1E7A4F7556}") = "Tamagotchi_Console", "Tamagotchi_Console\Tamagotchi_Console.csproj", "{718F129D-7926-41B3-A0A3-9610E156E7FF}"
EndProject
Project("{9A19103F-16F7-4668-BE54-9A1E7A4F7556}") = "Tamagotchi_Library", "Tamagotchi_Library\Tamagotchi_Library.csproj", "{003D7369-5E57-4CBD-A718-6A560DE91E74}"
EndProject
Project("{FAE04EC0-301F-11D3-BF4B-00C04F79EFBC}") = "TestTamagotchi", "TestTamagotchi\TestTamagotchi.csproj", "{720B35D8-296B-4B94-A404-AE3CA2503E25}"
EndProject
Global
	GlobalSection(SolutionConfigurationPlatforms) = preSolution
		Debug|Any CPU = Debug|Any CPU
		Release|Any CPU = Release|Any CPU
	EndGlobalSection
	GlobalSection(ProjectConfigurationPlatforms) = postSolution
		{718F129D-7926-41B3-A0A3-9610E156E7FF}.Debug|Any CPU.ActiveCfg = Debug|Any CPU
		{718F129D-7926-41B3-A0A3-9610E156E7FF}.Debug|Any CPU.Build.0 = Debug|Any CPU
		{718F129D-7926-41B3-A0A3-9610E156E7FF}.Release|Any CPU.ActiveCfg = Release|Any CPU
		{718F129D-7926-41B3-A0A3-9610E156E7FF}.Release|Any CPU.Build.0 = Release|Any CPU
		{003D7369-5E57-4CBD-A718-6A560DE91E74}.Debug|Any CPU.ActiveCfg = Debug|Any CPU
		{003D7369-5E57-4CBD-A718-6A560DE91E74}.Debug|Any CPU.Build.0 = Debug|Any CPU
		{003D7369-5E57-4CBD-A718-6A560DE91E74}.Release|Any CPU.ActiveCfg = Release|Any CPU
		{003D7369-5E57-4CBD-A718-6A560DE91E74}.Release|Any CPU.Build.0 = Release|Any CPU
		{720B35D8-296B-4B94-A404-AE3CA2503E25}.Debug|Any CPU.ActiveCfg = Debug|Any CPU
		{720B35D8-296B-4B94-A404-AE3CA2503E25}.Debug|Any CPU.Build.0 = Debug|Any CPU
		{720B35D8-296B-4B94-A404-AE3CA2503E25}.Release|Any CPU.ActiveCfg = Release|Any CPU
		{720B35D8-296B-4B94-A404-AE3CA2503E25}.Release|Any CPU.Build.0 = Release|Any CPU
	EndGlobalSection
	GlobalSection(SolutionProperties) = preSolution
		HideSolutionNode = FALSE
	EndGlobalSection
	GlobalSection(ExtensibilityGlobals) = postSolution
		SolutionGuid = {D08D9FE1-AD0E-4759-BB80-00DED3D26981}
	EndGlobalSection
EndGlobal
